version = 1
revision = 2
requires-python = ">=3.11, <3.13"

[[package]]
name = "pattikadhai-scripts"
version = "0.1.0"
source = { virtual = "." }
dependencies = [
    { name = "pillow" },
]

[package.metadata]
requires-dist = [{ name = "pillow", specifier = ">=12.1.1" }]

[[package]]
name = "pillow"
version = "12.1.1"
source = { registry = "https://pypi.org/simple" }
sdist = { url = "https://files.pythonhosted.org/packages/1f/42/5c74462b4fd957fcd7b13b04fb3205ff8349236ea74c7c375766d6c82288/pillow-12.1.1.tar.gz", hash = "sha256:9ad8fa5937ab05218e2b6a4cff30295ad35afd2f83ac592e68c0d871bb0fdbc4", size = 46980264, upload-time = "2026-02-11T04:23:07.146Z" }
wheels = [
    { url = "https://files.pythonhosted.org/packages/2b/46/5da1ec4a5171ee7bf1a0efa064aba70ba3d6e0788ce3f5acd1375d23c8c0/pillow-12.1.1-cp311-cp311-macosx_10_10_x86_64.whl", hash = "sha256:e879bb6cd5c73848ef3b2b48b8af9ff08c5b71ecda8048b7dd22d8a33f60be32", size = 5304084, upload-time = "2026-02-11T04:20:27.501Z" },
    { url = "https://files.pythonhosted.org/packages/78/93/a29e9bc02d1cf557a834da780ceccd54e02421627200696fcf805ebdc3fb/pillow-12.1.1-cp311-cp311-macosx_11_0_arm64.whl", hash = "sha256:365b10bb9417dd4498c0e3b128018c4a624dc11c7b97d8cc54effe3b096f4c38", size = 4657866, upload-time = "2026-02-11T04:20:29.827Z" },
    { url = "https://files.pythonhosted.org/packages/13/84/583a4558d492a179d31e4aae32eadce94b9acf49c0337c4ce0b70e0a01f2/pillow-12.1.1-cp311-cp311-manylinux2014_aarch64.manylinux_2_17_aarch64.whl", hash = "sha256:d4ce8e329c93845720cd2014659ca67eac35f6433fd3050393d85f3ecef0dad5", size = 6232148, upload-time = "2026-02-11T04:20:31.329Z" },
    { url = "https://files.pythonhosted.org/packages/d5/e2/53c43334bbbb2d3b938978532fbda8e62bb6e0b23a26ce8592f36bcc4987/pillow-12.1.1-cp311-cp311-manylinux2014_x86_64.manylinux_2_17_x86_64.whl", hash = "sha256:fc354a04072b765eccf2204f588a7a532c9511e8b9c7f900e1b64e3e33487090", size = 8038007, upload-time = "2026-02-11T04:20:34.225Z" },
    { url = "https://files.pythonhosted.org/packages/b8/a6/3d0e79c8a9d58150dd98e199d7c1c56861027f3829a3a60b3c2784190180/pillow-12.1.1-cp311-cp311-manylinux_2_27_aarch64.manylinux_2_28_aarch64.whl", hash = "sha256:7e7976bf1910a8116b523b9f9f58bf410f3e8aa330cd9a2bb2953f9266ab49af", size = 6345418, upload-time = "2026-02-11T04:20:35.858Z" },
    { url = "https://files.pythonhosted.org/packages/a2/c8/46dfeac5825e600579157eea177be43e2f7ff4a99da9d0d0a49533509ac5/pillow-12.1.1-cp311-cp311-manylinux_2_27_x86_64.manylinux_2_28_x86_64.whl", hash = "sha256:597bd9c8419bc7c6af5604e55847789b69123bbe25d65cc6ad3012b4f3c98d8b", size = 7034590, upload-time = "2026-02-11T04:20:37.91Z" },
    { url = "https://files.pythonhosted.org/packages/af/bf/e6f65d3db8a8bbfeaf9e13cc0417813f6319863a73de934f14b2229ada18/pillow-12.1.1-cp311-cp311-musllinux_1_2_aarch64.whl", hash = "sha256:2c1fc0f2ca5f96a3c8407e41cca26a16e46b21060fe6d5b099d2cb01412222f5", size = 6458655, upload-time = "2026-02-11T04:20:39.496Z" },
    { url = "https://files.pythonhosted.org/packages/f9/c2/66091f3f34a25894ca129362e510b956ef26f8fb67a0e6417bc5744e56f1/pillow-12.1.1-cp311-cp311-musllinux_1_2_x86_64.whl", hash = "sha256:578510d88c6229d735855e1f278aa305270438d36a05031dfaae5067cc8eb04d", size = 7159286, upload-time = "2026-02-11T04:20:41.139Z" },
    { url = "https://files.pythonhosted.org/packages/7b/5a/24bc8eb526a22f957d0cec6243146744966d40857e3d8deb68f7902ca6c1/pillow-12.1.1-cp311-cp311-win32.whl", hash = "sha256:7311c0a0dcadb89b36b7025dfd8326ecfa36964e29913074d47382706e516a7c", size = 6328663, upload-time = "2026-02-11T04:20:43.184Z" },
    { url = "https://files.pythonhosted.org/packages/31/03/bef822e4f2d8f9d7448c133d0a18185d3cce3e70472774fffefe8b0ed562/pillow-12.1.1-cp311-cp311-win_amd64.whl", hash = "sha256:fbfa2a7c10cc2623f412753cddf391c7f971c52ca40a3f65dc5039b2939e8563", size = 7031448, upload-time = "2026-02-11T04:20:44.696Z" },
    { url = "https://files.pythonhosted.org/packages/49/70/f76296f53610bd17b2e7d31728b8b7825e3ac3b5b3688b51f52eab7c0818/pillow-12.1.1-cp311-cp311-win_arm64.whl", hash = "sha256:b81b5e3511211631b3f672a595e3221252c90af017e399056d0faabb9538aa80", size = 2453651, upload-time = "2026-02-11T04:20:46.243Z" },
    { url = "https://files.pythonhosted.org/packages/07/d3/8df65da0d4df36b094351dce696f2989bec731d4f10e743b1c5f4da4d3bf/pillow-12.1.1-cp312-cp312-macosx_10_13_x86_64.whl", hash = "sha256:ab323b787d6e18b3d91a72fc99b1a2c28651e4358749842b8f8dfacd28ef2052", size = 5262803, upload-time = "2026-02-11T04:20:47.653Z" },
    { url = "https://files.pythonhosted.org/packages/d6/71/5026395b290ff404b836e636f51d7297e6c83beceaa87c592718747e670f/pillow-12.1.1-cp312-cp312-macosx_11_0_arm64.whl", hash = "sha256:adebb5bee0f0af4909c30db0d890c773d1a92ffe83da908e2e9e720f8edf3984", size = 4657601, upload-time = "2026-02-11T04:20:49.328Z" },
    { url = "https://files.pythonhosted.org/packages/b1/2e/1001613d941c67442f745aff0f7cc66dd8df9a9c084eb497e6a543ee6f7e/pillow-12.1.1-cp312-cp312-manylinux2014_aarch64.manylinux_2_17_aarch64.whl", hash = "sha256:bb66b7cc26f50977108790e2456b7921e773f23db5630261102233eb355a3b79", size = 6234995, upload-time = "2026-02-11T04:20:51.032Z" },
    { url = "https://files.pythonhosted.org/packages/07/26/246ab11455b2549b9233dbd44d358d033a2f780fa9007b61a913c5b2d24e/pillow-12.1.1-cp312-cp312-manylinux2014_x86_64.manylinux_2_17_x86_64.whl", hash = "sha256:aee2810642b2898bb187ced9b349e95d2a7272930796e022efaf12e99dccd293", size = 8045012, upload-time = "2026-02-11T04:20:52.882Z" },
    { url = "https://files.pythonhosted.org/packages/b2/8b/07587069c27be7535ac1fe33874e32de118fbd34e2a73b7f83436a88368c/pillow-12.1.1-cp312-cp312-manylinux_2_27_aarch64.manylinux_2_28_aarch64.whl", hash = "sha256:a0b1cd6232e2b618adcc54d9882e4e662a089d5768cd188f7c245b4c8c44a397", size = 6349638, upload-time = "2026-02-11T04:20:54.444Z" },
    { url = "https://files.pythonhosted.org/packages/ff/79/6df7b2ee763d619cda2fb4fea498e5f79d984dae304d45a8999b80d6cf5c/pillow-12.1.1-cp312-cp312-manylinux_2_27_x86_64.manylinux_2_28_x86_64.whl", hash = "sha256:7aac39bcf8d4770d089588a2e1dd111cbaa42df5a94be3114222057d68336bd0", size = 7041540, upload-time = "2026-02-11T04:20:55.97Z" },
    { url = "https://files.pythonhosted.org/packages/2c/5e/2ba19e7e7236d7529f4d873bdaf317a318896bac289abebd4bb00ef247f0/pillow-12.1.1-cp312-cp312-musllinux_1_2_aarch64.whl", hash = "sha256:ab174cd7d29a62dd139c44bf74b698039328f45cb03b4596c43473a46656b2f3", size = 6462613, upload-time = "2026-02-11T04:20:57.542Z" },
    { url = "https://files.pythonhosted.org/packages/03/03/31216ec124bb5c3dacd74ce8efff4cc7f52643653bad4825f8f08c697743/pillow-12.1.1-cp312-cp312-musllinux_1_2_x86_64.whl", hash = "sha256:339ffdcb7cbeaa08221cd401d517d4b1fe7a9ed5d400e4a8039719238620ca35", size = 7166745, upload-time = "2026-02-11T04:20:59.196Z" },
    { url = "https://files.pythonhosted.org/packages/1f/e7/7c4552d80052337eb28653b617eafdef39adfb137c49dd7e831b8dc13bc5/pillow-12.1.1-cp312-cp312-win32.whl", hash = "sha256:5d1f9575a12bed9e9eedd9a4972834b08c97a352bd17955ccdebfeca5913fa0a", size = 6328823, upload-time = "2026-02-11T04:21:01.385Z" },
    { url = "https://files.pythonhosted.org/packages/3d/17/688626d192d7261bbbf98846fc98995726bddc2c945344b65bec3a29d731/pillow-12.1.1-cp312-cp312-win_amd64.whl", hash = "sha256:21329ec8c96c6e979cd0dfd29406c40c1d52521a90544463057d2aaa937d66a6", size = 7033367, upload-time = "2026-02-11T04:21:03.536Z" },
    { url = "https://files.pythonhosted.org/packages/ed/fe/a0ef1f73f939b0eca03ee2c108d0043a87468664770612602c63266a43c4/pillow-12.1.1-cp312-cp312-win_arm64.whl", hash = "sha256:af9a332e572978f0218686636610555ae3defd1633597be015ed50289a03c523", size = 2453811, upload-time = "2026-02-11T04:21:05.116Z" },
    { url = "https://files.pythonhosted.org/packages/56/11/5d43209aa4cb58e0cc80127956ff1796a68b928e6324bbf06ef4db34367b/pillow-12.1.1-pp311-pypy311_pp73-macosx_10_15_x86_64.whl", hash = "sha256:600fd103672b925fe62ed08e0d874ea34d692474df6f4bf7ebe148b30f89f39f", size = 5228606, upload-time = "2026-02-11T04:22:52.106Z" },
    { url = "https://files.pythonhosted.org/packages/5f/d5/3b005b4e4fda6698b371fa6c21b097d4707585d7db99e98d9b0b87ac612a/pillow-12.1.1-pp311-pypy311_pp73-macosx_11_0_arm64.whl", hash = "sha256:665e1b916b043cef294bc54d47bf02d87e13f769bc4bc5fa225a24b3a6c5aca9", size = 4622321, upload-time = "2026-02-11T04:22:53.827Z" },
    { url = "https://files.pythonhosted.org/packages/df/36/ed3ea2d594356fd8037e5a01f6156c74bc8d92dbb0fa60746cc96cabb6e8/pillow-12.1.1-pp311-pypy311_pp73-manylinux2014_aarch64.manylinux_2_17_aarch64.whl", hash = "sha256:495c302af3aad1ca67420ddd5c7bd480c8867ad173528767d906428057a11f0e", size = 5247579, upload-time = "2026-02-11T04:22:56.094Z" },
    { url = "https://files.pythonhosted.org/packages/54/9a/9cc3e029683cf6d20ae5085da0dafc63148e3252c2f13328e553aaa13cfb/pillow-12.1.1-pp311-pypy311_pp73-manylinux2014_x86_64.manylinux_2_17_x86_64.whl", hash = "sha256:8fd420ef0c52c88b5a035a0886f367748c72147b2b8f384c9d12656678dfdfa9", size = 6989094, upload-time = "2026-02-11T04:22:58.288Z" },
    { url = "https://files.pythonhosted.org/packages/00/98/fc53ab36da80b88df0967896b6c4b4cd948a0dc5aa40a754266aa3ae48b3/pillow-12.1.1-pp311-pypy311_pp73-manylinux_2_27_aarch64.manylinux_2_28_aarch64.whl", hash = "sha256:f975aa7ef9684ce7e2c18a3aa8f8e2106ce1e46b94ab713d156b2898811651d3", size = 5313850, upload-time = "2026-02-11T04:23:00.554Z" },
    { url = "https://files.pythonhosted.org/packages/30/02/00fa585abfd9fe9d73e5f6e554dc36cc2b842898cbfc46d70353dae227f8/pillow-12.1.1-pp311-pypy311_pp73-manylinux_2_27_x86_64.manylinux_2_28_x86_64.whl", hash = "sha256:8089c852a56c2966cf18835db62d9b34fef7ba74c726ad943928d494fa7f4735", size = 5963343, upload-time = "2026-02-11T04:23:02.934Z" },
    { url = "https://files.pythonhosted.org/packages/f2/26/c56ce33ca856e358d27fda9676c055395abddb82c35ac0f593877ed4562e/pillow-12.1.1-pp311-pypy311_pp73-win_amd64.whl", hash = "sha256:cb9bb857b2d057c6dfc72ac5f3b44836924ba15721882ef103cecb40d002d80e", size = 7029880, upload-time = "2026-02-11T04:23:04.783Z" },
]
